{"1.1.0",
[{<<"bear">>,
  {git,"git://github.com/boundary/bear.git",
       {ref,"119234548783af19b8ec75c879c5062676b92571"}},
  3},
 {<<"certifi">>,{pkg,<<"certifi">>,<<"0.7.0">>},2},
 {<<"coveralls">>,
  {git,"git://github.com/markusn/coveralls-erl.git",
       {ref,"5f45f5a003244931acd5eabfa3db45a641188e2a"}},
  3},
 {<<"edown">>,
  {git,"git://github.com/uwiger/edown.git",
       {ref,"754be25f71a04099c83f3ffdff268e70beeb0021"}},
  2},
 {<<"eradius">>,
  {git,"https://github.com/travelping/eradius.git",
       {ref,"a1f0f2caf48ec98cce237727c7cd01bed9eb0dfb"}},
  2},
 {<<"ergw">>,
  {git,"git://github.com/travelping/ergw",
       {ref,"61a1421b6693922085ac614452a76f486a02a858"}},
  0},
 {<<"ergw_aaa">>,
  {git,"git://github.com/travelping/ergw_aaa",
       {ref,"22359a1992d265c4103a78a3155c6288f0b46382"}},
  1},
 {<<"ergw_proxy_ds_json">>,
  {git,"git://github.com/travelping/ergw_proxy_ds_json",
       {ref,"88185beceae09edee8bf3a8272550e871106f1f9"}},
  0},
 {<<"erlando">>,
  {git,"https://github.com/travelping/erlando.git",
       {ref,"8d1aa927c51b7ac351b90abcdaed7d2f527eb937"}},
  1},
 {<<"exometer_core">>,
  {git,"https://github.com/Feuerlabs/exometer_core.git",
       {ref,"09c2a9361c0295c977e441ef89382db964a64460"}},
  1},
 {<<"folsom">>,
  {git,"git://github.com/folsom-project/folsom",
       {ref,"38e2cce7c64ce1f0a3a918d90394cfc0a940b1ba"}},
  2},
 {<<"gen_socket">>,
  {git,"git://github.com/travelping/gen_socket",
       {ref,"88902b99d8bf8a135b96b3720cfd21ff2dd8dd98"}},
  1},
 {<<"goldrush">>,
  {git,"git://github.com/DeadZen/goldrush.git",
       {ref,"212299233c7e7eb63a97be2777e1c05ebaa58dbe"}},
  2},
 {<<"gtplib">>,
  {git,"https://github.com/travelping/gtplib.git",
       {ref,"ddbd3e59f0925738f2b975185c8532800922aeec"}},
  1},
 {<<"hackney">>,
  {git,"https://github.com/benoitc/hackney.git",
       {ref,"b3814c981cb600211f0b1b0e133c4dbffc8299bc"}},
  1},
 {<<"hut">>,
  {git,"git://github.com/tolbrino/hut.git",
       {ref,"025540398478ab6f95932c3234382ac5bb21ad3e"}},
  2},
 {<<"idna">>,{pkg,<<"idna">>,<<"1.2.0">>},2},
 {<<"jsx">>,
  {git,"https://github.com/talentdeficit/jsx.git",
       {ref,"3074d4865b3385a050badf7828ad31490d860df5"}},
  1},
 {<<"lager">>,
  {git,"https://github.com/basho/lager.git",
       {ref,"8187757388c9adc915379caaab36a2f2ca26e944"}},
  1},
 {<<"meck">>,
  {git,"git://github.com/eproxus/meck.git",
       {ref,"dde759050eff19a1a80fd854d7375174b191665d"}},
  2},
 {<<"metrics">>,{pkg,<<"metrics">>,<<"1.0.1">>},2},
 {<<"mimerl">>,{pkg,<<"mimerl">>,<<"1.0.2">>},2},
 {<<"netdata">>,
  {git,"git://github.com/RoadRunnr/erl_netdata",
       {ref,"cbd6eaf304d6ef9d0c659abb1b37de18f1aac45f"}},
  0},
 {<<"parse_trans">>,
  {git,"git://github.com/uwiger/parse_trans.git",
       {ref,"6f3645afb43c7c57d61b54ef59aecab288ce1013"}},
  2},
 {<<"pmod_transform">>,
  {git,"git://github.com/erlang/pmod_transform.git",
       {ref,"7c6fe6193b7b11c874877246bcb612414fbd1359"}},
  2},
 {<<"ppp">>,
  {git,"git://github.com/travelping/ppp",
       {ref,"c1e03ee93ef333b5eb8aadd14b1290cfc1001089"}},
  2},
 {<<"regine">>,
  {git,"https://github.com/travelping/regine.git",
       {ref,"4c63d24ff798c785beb30d1447ace27611761dce"}},
  3},
 {<<"setup">>,
  {git,"git://github.com/uwiger/setup.git",
       {ref,"5c7d635145e5ffb8b0fa6b470770cdd1cb16b0b2"}},
  1},
 {<<"ssl_verify_fun">>,{pkg,<<"ssl_verify_fun">>,<<"1.1.1">>},2}]}.
[
{pkg_hash,[
 {<<"certifi">>, <<"861A57F3808F7EB0C2D1802AFEAAE0FA5DE813B0DF0979153CBAFCD853ABABAF">>},
 {<<"idna">>, <<"AC62EE99DA068F43C50DC69ACF700E03A62A348360126260E87F2B54ECED86B2">>},
 {<<"metrics">>, <<"25F094DEA2CDA98213CECC3AEFF09E940299D950904393B2A29D191C346A8486">>},
 {<<"mimerl">>, <<"993F9B0E084083405ED8252B99460C4F0563E41729AB42D9074FD5E52439BE88">>},
 {<<"ssl_verify_fun">>, <<"28A4D65B7F59893BC2C7DE786DEC1E1555BD742D336043FE644AE956C3497FBE">>}]}
].
